
Microsoft Visual Studio Solution File, Format Version 12.00
# Visual Studio Version 17
VisualStudioVersion = 17.9.34728.123
MinimumVisualStudioVersion = 10.0.40219.1
Project("{9A19103F-16F7-4668-BE54-9A1E7A4F7556}") = "PXBank.WebAPI", "02-BackEnd\PXBank.WebAPI\PXBank.WebAPI.csproj", "{1C70C771-9FF9-486C-95C2-769C3768F266}"
EndProject
Project("{9A19103F-16F7-4668-BE54-9A1E7A4F7556}") = "PXBank.Service", "03-Service\PXBank.Service\PXBank.Service.csproj", "{61D5B271-BF1D-4C43-A240-9C516ECF2CE4}"
EndProject
Project("{FAE04EC0-301F-11D3-BF4B-00C04F79EFBC}") = "PXBank.Business", "04-Business\PXBank.Business\PXBank.Business.csproj", "{47CAE170-6C0D-4E6E-9A01-5068296EEFE6}"
EndProject
Global
	GlobalSection(SolutionConfigurationPlatforms) = preSolution
		Debug|Any CPU = Debug|Any CPU
		Release|Any CPU = Release|Any CPU
	EndGlobalSection
	GlobalSection(ProjectConfigurationPlatforms) = postSolution
		{1C70C771-9FF9-486C-95C2-769C3768F266}.Debug|Any CPU.ActiveCfg = Debug|Any CPU
		{1C70C771-9FF9-486C-95C2-769C3768F266}.Debug|Any CPU.Build.0 = Debug|Any CPU
		{1C70C771-9FF9-486C-95C2-769C3768F266}.Release|Any CPU.ActiveCfg = Release|Any CPU
		{1C70C771-9FF9-486C-95C2-769C3768F266}.Release|Any CPU.Build.0 = Release|Any CPU
		{61D5B271-BF1D-4C43-A240-9C516ECF2CE4}.Debug|Any CPU.ActiveCfg = Debug|Any CPU
		{61D5B271-BF1D-4C43-A240-9C516ECF2CE4}.Debug|Any CPU.Build.0 = Debug|Any CPU
		{61D5B271-BF1D-4C43-A240-9C516ECF2CE4}.Release|Any CPU.ActiveCfg = Release|Any CPU
		{61D5B271-BF1D-4C43-A240-9C516ECF2CE4}.Release|Any CPU.Build.0 = Release|Any CPU
		{47CAE170-6C0D-4E6E-9A01-5068296EEFE6}.Debug|Any CPU.ActiveCfg = Debug|Any CPU
		{47CAE170-6C0D-4E6E-9A01-5068296EEFE6}.Debug|Any CPU.Build.0 = Debug|Any CPU
		{47CAE170-6C0D-4E6E-9A01-5068296EEFE6}.Release|Any CPU.ActiveCfg = Release|Any CPU
		{47CAE170-6C0D-4E6E-9A01-5068296EEFE6}.Release|Any CPU.Build.0 = Release|Any CPU
	EndGlobalSection
	GlobalSection(SolutionProperties) = preSolution
		HideSolutionNode = FALSE
	EndGlobalSection
	GlobalSection(ExtensibilityGlobals) = postSolution
		SolutionGuid = {66C50409-CC7D-4A3A-B702-9F1C24D2CEAD}
	EndGlobalSection
EndGlobal
